<?xml version="1.0" encoding="UTF-8"?>
<Project ToolsVersion="14.0" xmlns="http://schemas.microsoft.com/developer/msbuild/2003">
  <ItemGroup>
    <ClCompile Include="C:\Users\srmeier\Desktop\assimp-3.3.1\code\Assimp.cpp">
      <Filter>Source Files</Filter>
    </ClCompile>
    <ClCompile Include="C:\Users\srmeier\Desktop\assimp-3.3.1\code\BaseImporter.cpp">
      <Filter>Common</Filter>
    </ClCompile>
    <ClCompile Include="C:\Users\srmeier\Desktop\assimp-3.3.1\code\BaseProcess.cpp">
      <Filter>Common</Filter>
    </ClCompile>
    <ClCompile Include="C:\Users\srmeier\Desktop\assimp-3.3.1\code\PostStepRegistry.cpp">
      <Filter>Common</Filter>
    </ClCompile>
    <ClCompile Include="C:\Users\srmeier\Desktop\assimp-3.3.1\code\ImporterRegistry.cpp">
      <Filter>Common</Filter>
    </ClCompile>
    <ClCompile Include="C:\Users\srmeier\Desktop\assimp-3.3.1\code\DefaultIOStream.cpp">
      <Filter>Common</Filter>
    </ClCompile>
    <ClCompile Include="C:\Users\srmeier\Desktop\assimp-3.3.1\code\DefaultIOSystem.cpp">
      <Filter>Common</Filter>
    </ClCompile>
    <ClCompile Include="C:\Users\srmeier\Desktop\assimp-3.3.1\code\Importer.cpp">
      <Filter>Common</Filter>
    </ClCompile>
    <ClCompile Include="C:\Users\srmeier\Desktop\assimp-3.3.1\code\SGSpatialSort.cpp">
      <Filter>Common</Filter>
    </ClCompile>
    <ClCompile Include="C:\Users\srmeier\Desktop\assimp-3.3.1\code\VertexTriangleAdjacency.cpp">
      <Filter>Common</Filter>
    </ClCompile>
    <ClCompile Include="C:\Users\srmeier\Desktop\assimp-3.3.1\code\SpatialSort.cpp">
      <Filter>Common</Filter>
    </ClCompile>
    <ClCompile Include="C:\Users\srmeier\Desktop\assimp-3.3.1\code\SceneCombiner.cpp">
      <Filter>Common</Filter>
    </ClCompile>
    <ClCompile Include="C:\Users\srmeier\Desktop\assimp-3.3.1\code\ScenePreprocessor.cpp">
      <Filter>Common</Filter>
    </ClCompile>
    <ClCompile Include="C:\Users\srmeier\Desktop\assimp-3.3.1\code\SkeletonMeshBuilder.cpp">
      <Filter>Common</Filter>
    </ClCompile>
    <ClCompile Include="C:\Users\srmeier\Desktop\assimp-3.3.1\code\SplitByBoneCountProcess.cpp">
      <Filter>Common</Filter>
    </ClCompile>
    <ClCompile Include="C:\Users\srmeier\Desktop\assimp-3.3.1\code\StandardShapes.cpp">
      <Filter>Common</Filter>
    </ClCompile>
    <ClCompile Include="C:\Users\srmeier\Desktop\assimp-3.3.1\code\TargetAnimation.cpp">
      <Filter>Common</Filter>
    </ClCompile>
    <ClCompile Include="C:\Users\srmeier\Desktop\assimp-3.3.1\code\RemoveComments.cpp">
      <Filter>Common</Filter>
    </ClCompile>
    <ClCompile Include="C:\Users\srmeier\Desktop\assimp-3.3.1\code\Subdivision.cpp">
      <Filter>Common</Filter>
    </ClCompile>
    <ClCompile Include="C:\Users\srmeier\Desktop\assimp-3.3.1\code\Bitmap.cpp">
      <Filter>Common</Filter>
    </ClCompile>
    <ClCompile Include="C:\Users\srmeier\Desktop\assimp-3.3.1\code\Version.cpp">
      <Filter>Common</Filter>
    </ClCompile>
    <ClCompile Include="C:\Users\srmeier\Desktop\assimp-3.3.1\code\DefaultLogger.cpp">
      <Filter>Logging</Filter>
    </ClCompile>
    <ClCompile Include="C:\Users\srmeier\Desktop\assimp-3.3.1\code\Exporter.cpp">
      <Filter>Exporter</Filter>
    </ClCompile>
    <ClCompile Include="C:\Users\srmeier\Desktop\assimp-3.3.1\code\AssimpCExport.cpp">
      <Filter>Exporter</Filter>
    </ClCompile>
    <ClCompile Include="C:\Users\srmeier\Desktop\assimp-3.3.1\code\CalcTangentsProcess.cpp">
      <Filter>PostProcessing</Filter>
    </ClCompile>
    <ClCompile Include="C:\Users\srmeier\Desktop\assimp-3.3.1\code\ComputeUVMappingProcess.cpp">
      <Filter>PostProcessing</Filter>
    </ClCompile>
    <ClCompile Include="C:\Users\srmeier\Desktop\assimp-3.3.1\code\ConvertToLHProcess.cpp">
      <Filter>PostProcessing</Filter>
    </ClCompile>
    <ClCompile Include="C:\Users\srmeier\Desktop\assimp-3.3.1\code\FindDegenerates.cpp">
      <Filter>PostProcessing</Filter>
    </ClCompile>
    <ClCompile Include="C:\Users\srmeier\Desktop\assimp-3.3.1\code\FindInstancesProcess.cpp">
      <Filter>PostProcessing</Filter>
    </ClCompile>
    <ClCompile Include="C:\Users\srmeier\Desktop\assimp-3.3.1\code\FindInvalidDataProcess.cpp">
      <Filter>PostProcessing</Filter>
    </ClCompile>
    <ClCompile Include="C:\Users\srmeier\Desktop\assimp-3.3.1\code\FixNormalsStep.cpp">
      <Filter>PostProcessing</Filter>
    </ClCompile>
    <ClCompile Include="C:\Users\srmeier\Desktop\assimp-3.3.1\code\GenFaceNormalsProcess.cpp">
      <Filter>PostProcessing</Filter>
    </ClCompile>
    <ClCompile Include="C:\Users\srmeier\Desktop\assimp-3.3.1\code\GenVertexNormalsProcess.cpp">
      <Filter>PostProcessing</Filter>
    </ClCompile>
    <ClCompile Include="C:\Users\srmeier\Desktop\assimp-3.3.1\code\PretransformVertices.cpp">
      <Filter>PostProcessing</Filter>
    </ClCompile>
    <ClCompile Include="C:\Users\srmeier\Desktop\assimp-3.3.1\code\ImproveCacheLocality.cpp">
      <Filter>PostProcessing</Filter>
    </ClCompile>
    <ClCompile Include="C:\Users\srmeier\Desktop\assimp-3.3.1\code\JoinVerticesProcess.cpp">
      <Filter>PostProcessing</Filter>
    </ClCompile>
    <ClCompile Include="C:\Users\srmeier\Desktop\assimp-3.3.1\code\LimitBoneWeightsProcess.cpp">
      <Filter>PostProcessing</Filter>
    </ClCompile>
    <ClCompile Include="C:\Users\srmeier\Desktop\assimp-3.3.1\code\RemoveRedundantMaterials.cpp">
      <Filter>PostProcessing</Filter>
    </ClCompile>
    <ClCompile Include="C:\Users\srmeier\Desktop\assimp-3.3.1\code\RemoveVCProcess.cpp">
      <Filter>PostProcessing</Filter>
    </ClCompile>
    <ClCompile Include="C:\Users\srmeier\Desktop\assimp-3.3.1\code\SortByPTypeProcess.cpp">
      <Filter>PostProcessing</Filter>
    </ClCompile>
    <ClCompile Include="C:\Users\srmeier\Desktop\assimp-3.3.1\code\SplitLargeMeshes.cpp">
      <Filter>PostProcessing</Filter>
    </ClCompile>
    <ClCompile Include="C:\Users\srmeier\Desktop\assimp-3.3.1\code\TextureTransform.cpp">
      <Filter>PostProcessing</Filter>
    </ClCompile>
    <ClCompile Include="C:\Users\srmeier\Desktop\assimp-3.3.1\code\TriangulateProcess.cpp">
      <Filter>PostProcessing</Filter>
    </ClCompile>
    <ClCompile Include="C:\Users\srmeier\Desktop\assimp-3.3.1\code\ValidateDataStructure.cpp">
      <Filter>PostProcessing</Filter>
    </ClCompile>
    <ClCompile Include="C:\Users\srmeier\Desktop\assimp-3.3.1\code\OptimizeGraph.cpp">
      <Filter>PostProcessing</Filter>
    </ClCompile>
    <ClCompile Include="C:\Users\srmeier\Desktop\assimp-3.3.1\code\OptimizeMeshes.cpp">
      <Filter>PostProcessing</Filter>
    </ClCompile>
    <ClCompile Include="C:\Users\srmeier\Desktop\assimp-3.3.1\code\DeboneProcess.cpp">
      <Filter>PostProcessing</Filter>
    </ClCompile>
    <ClCompile Include="C:\Users\srmeier\Desktop\assimp-3.3.1\code\ProcessHelper.cpp">
      <Filter>PostProcessing</Filter>
    </ClCompile>
    <ClCompile Include="C:\Users\srmeier\Desktop\assimp-3.3.1\code\MakeVerboseFormat.cpp">
      <Filter>PostProcessing</Filter>
    </ClCompile>
    <ClCompile Include="C:\Users\srmeier\Desktop\assimp-3.3.1\code\MaterialSystem.cpp">
      <Filter>MaterialSystem</Filter>
    </ClCompile>
    <ClCompile Include="C:\Users\srmeier\Desktop\assimp-3.3.1\code\StepExporter.cpp">
      <Filter>Step</Filter>
    </ClCompile>
    <ClCompile Include="C:\Users\srmeier\Desktop\assimp-3.3.1\code\3DSConverter.cpp">
      <Filter>3DS</Filter>
    </ClCompile>
    <ClCompile Include="C:\Users\srmeier\Desktop\assimp-3.3.1\code\3DSLoader.cpp">
      <Filter>3DS</Filter>
    </ClCompile>
    <ClCompile Include="C:\Users\srmeier\Desktop\assimp-3.3.1\code\3DSExporter.cpp">
      <Filter>3DS</Filter>
    </ClCompile>
    <ClCompile Include="C:\Users\srmeier\Desktop\assimp-3.3.1\code\ACLoader.cpp">
      <Filter>AC</Filter>
    </ClCompile>
    <ClCompile Include="C:\Users\srmeier\Desktop\assimp-3.3.1\code\ASELoader.cpp">
      <Filter>ASE</Filter>
    </ClCompile>
    <ClCompile Include="C:\Users\srmeier\Desktop\assimp-3.3.1\code\ASEParser.cpp">
      <Filter>ASE</Filter>
    </ClCompile>
    <ClCompile Include="C:\Users\srmeier\Desktop\assimp-3.3.1\code\AssbinExporter.cpp">
      <Filter>ASSBIN</Filter>
    </ClCompile>
    <ClCompile Include="C:\Users\srmeier\Desktop\assimp-3.3.1\code\AssbinLoader.cpp">
      <Filter>ASSBIN</Filter>
    </ClCompile>
    <ClCompile Include="C:\Users\srmeier\Desktop\assimp-3.3.1\code\AssxmlExporter.cpp">
      <Filter>ASSXML</Filter>
    </ClCompile>
    <ClCompile Include="C:\Users\srmeier\Desktop\assimp-3.3.1\code\B3DImporter.cpp">
      <Filter>B3D</Filter>
    </ClCompile>
    <ClCompile Include="C:\Users\srmeier\Desktop\assimp-3.3.1\code\BVHLoader.cpp">
      <Filter>BVH</Filter>
    </ClCompile>
    <ClCompile Include="C:\Users\srmeier\Desktop\assimp-3.3.1\code\ColladaLoader.cpp">
      <Filter>COLLADA</Filter>
    </ClCompile>
    <ClCompile Include="C:\Users\srmeier\Desktop\assimp-3.3.1\code\ColladaParser.cpp">
      <Filter>COLLADA</Filter>
    </ClCompile>
    <ClCompile Include="C:\Users\srmeier\Desktop\assimp-3.3.1\code\ColladaExporter.cpp">
      <Filter>COLLADA</Filter>
    </ClCompile>
    <ClCompile Include="C:\Users\srmeier\Desktop\assimp-3.3.1\code\DXFLoader.cpp">
      <Filter>DXF</Filter>
    </ClCompile>
    <ClCompile Include="C:\Users\srmeier\Desktop\assimp-3.3.1\code\CSMLoader.cpp">
      <Filter>CSM</Filter>
    </ClCompile>
    <ClCompile Include="C:\Users\srmeier\Desktop\assimp-3.3.1\code\HMPLoader.cpp">
      <Filter>HMP</Filter>
    </ClCompile>
    <ClCompile Include="C:\Users\srmeier\Desktop\assimp-3.3.1\code\IRRMeshLoader.cpp">
      <Filter>IRRMESH</Filter>
    </ClCompile>
    <ClCompile Include="C:\Users\srmeier\Desktop\assimp-3.3.1\code\IRRShared.cpp">
      <Filter>IRR</Filter>
    </ClCompile>
    <ClCompile Include="C:\Users\srmeier\Desktop\assimp-3.3.1\code\IRRLoader.cpp">
      <Filter>IRR</Filter>
    </ClCompile>
    <ClCompile Include="C:\Users\srmeier\Desktop\assimp-3.3.1\code\LWOAnimation.cpp">
      <Filter>LWO</Filter>
    </ClCompile>
    <ClCompile Include="C:\Users\srmeier\Desktop\assimp-3.3.1\code\LWOBLoader.cpp">
      <Filter>LWO</Filter>
    </ClCompile>
    <ClCompile Include="C:\Users\srmeier\Desktop\assimp-3.3.1\code\LWOLoader.cpp">
      <Filter>LWO</Filter>
    </ClCompile>
    <ClCompile Include="C:\Users\srmeier\Desktop\assimp-3.3.1\code\LWOMaterial.cpp">
      <Filter>LWO</Filter>
    </ClCompile>
    <ClCompile Include="C:\Users\srmeier\Desktop\assimp-3.3.1\code\LWSLoader.cpp">
      <Filter>LWS</Filter>
    </ClCompile>
    <ClCompile Include="C:\Users\srmeier\Desktop\assimp-3.3.1\code\MD2Loader.cpp">
      <Filter>MD2</Filter>
    </ClCompile>
    <ClCompile Include="C:\Users\srmeier\Desktop\assimp-3.3.1\code\MD3Loader.cpp">
      <Filter>MD3</Filter>
    </ClCompile>
    <ClCompile Include="C:\Users\srmeier\Desktop\assimp-3.3.1\code\MD5Loader.cpp">
      <Filter>MD5</Filter>
    </ClCompile>
    <ClCompile Include="C:\Users\srmeier\Desktop\assimp-3.3.1\code\MD5Parser.cpp">
      <Filter>MD5</Filter>
    </ClCompile>
    <ClCompile Include="C:\Users\srmeier\Desktop\assimp-3.3.1\code\MDCLoader.cpp">
      <Filter>MDC</Filter>
    </ClCompile>
    <ClCompile Include="C:\Users\srmeier\Desktop\assimp-3.3.1\code\MDLLoader.cpp">
      <Filter>MDL</Filter>
    </ClCompile>
    <ClCompile Include="C:\Users\srmeier\Desktop\assimp-3.3.1\code\MDLMaterialLoader.cpp">
      <Filter>MDL</Filter>
    </ClCompile>
    <ClCompile Include="C:\Users\srmeier\Desktop\assimp-3.3.1\code\NFFLoader.cpp">
      <Filter>NFF</Filter>
    </ClCompile>
    <ClCompile Include="C:\Users\srmeier\Desktop\assimp-3.3.1\code\NDOLoader.cpp">
      <Filter>NDO</Filter>
    </ClCompile>
    <ClCompile Include="C:\Users\srmeier\Desktop\assimp-3.3.1\code\OFFLoader.cpp">
      <Filter>OFF</Filter>
    </ClCompile>
    <ClCompile Include="C:\Users\srmeier\Desktop\assimp-3.3.1\code\ObjFileImporter.cpp">
      <Filter>OBJ</Filter>
    </ClCompile>
    <ClCompile Include="C:\Users\srmeier\Desktop\assimp-3.3.1\code\ObjFileMtlImporter.cpp">
      <Filter>OBJ</Filter>
    </ClCompile>
    <ClCompile Include="C:\Users\srmeier\Desktop\assimp-3.3.1\code\ObjFileParser.cpp">
      <Filter>OBJ</Filter>
    </ClCompile>
    <ClCompile Include="C:\Users\srmeier\Desktop\assimp-3.3.1\code\ObjExporter.cpp">
      <Filter>OBJ</Filter>
    </ClCompile>
    <ClCompile Include="C:\Users\srmeier\Desktop\assimp-3.3.1\code\OgreImporter.cpp">
      <Filter>OGRE</Filter>
    </ClCompile>
    <ClCompile Include="C:\Users\srmeier\Desktop\assimp-3.3.1\code\OgreStructs.cpp">
      <Filter>OGRE</Filter>
    </ClCompile>
    <ClCompile Include="C:\Users\srmeier\Desktop\assimp-3.3.1\code\OgreBinarySerializer.cpp">
      <Filter>OGRE</Filter>
    </ClCompile>
    <ClCompile Include="C:\Users\srmeier\Desktop\assimp-3.3.1\code\OgreXmlSerializer.cpp">
      <Filter>OGRE</Filter>
    </ClCompile>
    <ClCompile Include="C:\Users\srmeier\Desktop\assimp-3.3.1\code\OgreMaterial.cpp">
      <Filter>OGRE</Filter>
    </ClCompile>
    <ClCompile Include="C:\Users\srmeier\Desktop\assimp-3.3.1\code\OpenGEXExporter.cpp">
      <Filter>OPENGEX</Filter>
    </ClCompile>
    <ClCompile Include="C:\Users\srmeier\Desktop\assimp-3.3.1\code\OpenGEXImporter.cpp">
      <Filter>OPENGEX</Filter>
    </ClCompile>
    <ClCompile Include="C:\Users\srmeier\Desktop\assimp-3.3.1\code\PlyLoader.cpp">
      <Filter>PLY</Filter>
    </ClCompile>
    <ClCompile Include="C:\Users\srmeier\Desktop\assimp-3.3.1\code\PlyParser.cpp">
      <Filter>PLY</Filter>
    </ClCompile>
    <ClCompile Include="C:\Users\srmeier\Desktop\assimp-3.3.1\code\PlyExporter.cpp">
      <Filter>PLY</Filter>
    </ClCompile>
    <ClCompile Include="C:\Users\srmeier\Desktop\assimp-3.3.1\code\MS3DLoader.cpp">
      <Filter>MS3D</Filter>
    </ClCompile>
    <ClCompile Include="C:\Users\srmeier\Desktop\assimp-3.3.1\code\COBLoader.cpp">
      <Filter>COB</Filter>
    </ClCompile>
    <ClCompile Include="C:\Users\srmeier\Desktop\assimp-3.3.1\code\BlenderLoader.cpp">
      <Filter>BLEND</Filter>
    </ClCompile>
    <ClCompile Include="C:\Users\srmeier\Desktop\assimp-3.3.1\code\BlenderDNA.cpp">
      <Filter>BLEND</Filter>
    </ClCompile>
    <ClCompile Include="C:\Users\srmeier\Desktop\assimp-3.3.1\code\BlenderScene.cpp">
      <Filter>BLEND</Filter>
    </ClCompile>
    <ClCompile Include="C:\Users\srmeier\Desktop\assimp-3.3.1\code\BlenderModifier.cpp">
      <Filter>BLEND</Filter>
    </ClCompile>
    <ClCompile Include="C:\Users\srmeier\Desktop\assimp-3.3.1\code\BlenderBMesh.cpp">
      <Filter>BLEND</Filter>
    </ClCompile>
    <ClCompile Include="C:\Users\srmeier\Desktop\assimp-3.3.1\code\BlenderTessellator.cpp">
      <Filter>BLEND</Filter>
    </ClCompile>
    <ClCompile Include="C:\Users\srmeier\Desktop\assimp-3.3.1\code\IFCLoader.cpp">
      <Filter>IFC</Filter>
    </ClCompile>
    <ClCompile Include="C:\Users\srmeier\Desktop\assimp-3.3.1\code\IFCReaderGen.cpp">
      <Filter>IFC</Filter>
    </ClCompile>
    <ClCompile Include="C:\Users\srmeier\Desktop\assimp-3.3.1\code\IFCUtil.cpp">
      <Filter>IFC</Filter>
    </ClCompile>
    <ClCompile Include="C:\Users\srmeier\Desktop\assimp-3.3.1\code\IFCGeometry.cpp">
      <Filter>IFC</Filter>
    </ClCompile>
    <ClCompile Include="C:\Users\srmeier\Desktop\assimp-3.3.1\code\IFCMaterial.cpp">
      <Filter>IFC</Filter>
    </ClCompile>
    <ClCompile Include="C:\Users\srmeier\Desktop\assimp-3.3.1\code\IFCProfile.cpp">
      <Filter>IFC</Filter>
    </ClCompile>
    <ClCompile Include="C:\Users\srmeier\Desktop\assimp-3.3.1\code\IFCCurve.cpp">
      <Filter>IFC</Filter>
    </ClCompile>
    <ClCompile Include="C:\Users\srmeier\Desktop\assimp-3.3.1\code\IFCBoolean.cpp">
      <Filter>IFC</Filter>
    </ClCompile>
    <ClCompile Include="C:\Users\srmeier\Desktop\assimp-3.3.1\code\IFCOpenings.cpp">
      <Filter>IFC</Filter>
    </ClCompile>
    <ClCompile Include="C:\Users\srmeier\Desktop\assimp-3.3.1\code\STEPFileReader.cpp">
      <Filter>IFC</Filter>
    </ClCompile>
    <ClCompile Include="C:\Users\srmeier\Desktop\assimp-3.3.1\code\STEPFileEncoding.cpp">
      <Filter>IFC</Filter>
    </ClCompile>
    <ClCompile Include="C:\Users\srmeier\Desktop\assimp-3.3.1\code\XGLLoader.cpp">
      <Filter>XGL</Filter>
    </ClCompile>
    <ClCompile Include="C:\Users\srmeier\Desktop\assimp-3.3.1\code\FBXImporter.cpp">
      <Filter>FBX</Filter>
    </ClCompile>
    <ClCompile Include="C:\Users\srmeier\Desktop\assimp-3.3.1\code\FBXParser.cpp">
      <Filter>FBX</Filter>
    </ClCompile>
    <ClCompile Include="C:\Users\srmeier\Desktop\assimp-3.3.1\code\FBXTokenizer.cpp">
      <Filter>FBX</Filter>
    </ClCompile>
    <ClCompile Include="C:\Users\srmeier\Desktop\assimp-3.3.1\code\FBXConverter.cpp">
      <Filter>FBX</Filter>
    </ClCompile>
    <ClCompile Include="C:\Users\srmeier\Desktop\assimp-3.3.1\code\FBXUtil.cpp">
      <Filter>FBX</Filter>
    </ClCompile>
    <ClCompile Include="C:\Users\srmeier\Desktop\assimp-3.3.1\code\FBXDocument.cpp">
      <Filter>FBX</Filter>
    </ClCompile>
    <ClCompile Include="C:\Users\srmeier\Desktop\assimp-3.3.1\code\FBXProperties.cpp">
      <Filter>FBX</Filter>
    </ClCompile>
    <ClCompile Include="C:\Users\srmeier\Desktop\assimp-3.3.1\code\FBXMeshGeometry.cpp">
      <Filter>FBX</Filter>
    </ClCompile>
    <ClCompile Include="C:\Users\srmeier\Desktop\assimp-3.3.1\code\FBXMaterial.cpp">
      <Filter>FBX</Filter>
    </ClCompile>
    <ClCompile Include="C:\Users\srmeier\Desktop\assimp-3.3.1\code\FBXModel.cpp">
      <Filter>FBX</Filter>
    </ClCompile>
    <ClCompile Include="C:\Users\srmeier\Desktop\assimp-3.3.1\code\FBXAnimation.cpp">
      <Filter>FBX</Filter>
    </ClCompile>
    <ClCompile Include="C:\Users\srmeier\Desktop\assimp-3.3.1\code\FBXNodeAttribute.cpp">
      <Filter>FBX</Filter>
    </ClCompile>
    <ClCompile Include="C:\Users\srmeier\Desktop\assimp-3.3.1\code\FBXDeformer.cpp">
      <Filter>FBX</Filter>
    </ClCompile>
    <ClCompile Include="C:\Users\srmeier\Desktop\assimp-3.3.1\code\FBXBinaryTokenizer.cpp">
      <Filter>FBX</Filter>
    </ClCompile>
    <ClCompile Include="C:\Users\srmeier\Desktop\assimp-3.3.1\code\FBXDocumentUtil.cpp">
      <Filter>FBX</Filter>
    </ClCompile>
    <ClCompile Include="C:\Users\srmeier\Desktop\assimp-3.3.1\code\Q3DLoader.cpp">
      <Filter>Q3D</Filter>
    </ClCompile>
    <ClCompile Include="C:\Users\srmeier\Desktop\assimp-3.3.1\code\Q3BSPFileParser.cpp">
      <Filter>Q3BSP</Filter>
    </ClCompile>
    <ClCompile Include="C:\Users\srmeier\Desktop\assimp-3.3.1\code\Q3BSPFileImporter.cpp">
      <Filter>Q3BSP</Filter>
    </ClCompile>
    <ClCompile Include="C:\Users\srmeier\Desktop\assimp-3.3.1\code\Q3BSPZipArchive.cpp">
      <Filter>Q3BSP</Filter>
    </ClCompile>
    <ClCompile Include="C:\Users\srmeier\Desktop\assimp-3.3.1\code\RawLoader.cpp">
      <Filter>RAW</Filter>
    </ClCompile>
    <ClCompile Include="C:\Users\srmeier\Desktop\assimp-3.3.1\code\SIBImporter.cpp">
      <Filter>SIB</Filter>
    </ClCompile>
    <ClCompile Include="C:\Users\srmeier\Desktop\assimp-3.3.1\code\SMDLoader.cpp">
      <Filter>SMD</Filter>
    </ClCompile>
    <ClCompile Include="C:\Users\srmeier\Desktop\assimp-3.3.1\code\STLLoader.cpp">
      <Filter>STL</Filter>
    </ClCompile>
    <ClCompile Include="C:\Users\srmeier\Desktop\assimp-3.3.1\code\STLExporter.cpp">
      <Filter>STL</Filter>
    </ClCompile>
    <ClCompile Include="C:\Users\srmeier\Desktop\assimp-3.3.1\code\TerragenLoader.cpp">
      <Filter>TERRAGEN</Filter>
    </ClCompile>
    <ClCompile Include="C:\Users\srmeier\Desktop\assimp-3.3.1\code\UnrealLoader.cpp">
      <Filter>3D</Filter>
    </ClCompile>
    <ClCompile Include="C:\Users\srmeier\Desktop\assimp-3.3.1\code\XFileImporter.cpp">
      <Filter>X</Filter>
    </ClCompile>
    <ClCompile Include="C:\Users\srmeier\Desktop\assimp-3.3.1\code\XFileParser.cpp">
      <Filter>X</Filter>
    </ClCompile>
    <ClCompile Include="C:\Users\srmeier\Desktop\assimp-3.3.1\code\XFileExporter.cpp">
      <Filter>X</Filter>
    </ClCompile>
    <ClCompile Include="C:\Users\srmeier\Desktop\assimp-3.3.1\code\glTFImporter.cpp">
      <Filter>GLTF</Filter>
    </ClCompile>
    <ClCompile Include="C:\Users\srmeier\Desktop\assimp-3.3.1\code\glTFExporter.cpp">
      <Filter>GLTF</Filter>
    </ClCompile>
    <ClCompile Include="C:\Users\srmeier\Desktop\assimp-3.3.1\code\D3MFImporter.cpp">
      <Filter>3MF</Filter>
    </ClCompile>
    <ClCompile Include="C:\Users\srmeier\Desktop\assimp-3.3.1\code\D3MFOpcPackage.cpp">
      <Filter>3MF</Filter>
    </ClCompile>
    <ClCompile Include="C:\Users\srmeier\Desktop\assimp-3.3.1\contrib\irrXML\irrXML.cpp">
      <Filter>IrrXML</Filter>
    </ClCompile>
    <ClCompile Include="C:\Users\srmeier\Desktop\assimp-3.3.1\contrib\ConvertUTF\ConvertUTF.c">
      <Filter>ConvertUTF</Filter>
    </ClCompile>
    <ClCompile Include="C:\Users\srmeier\Desktop\assimp-3.3.1\contrib\unzip\ioapi.c">
      <Filter>unzip</Filter>
    </ClCompile>
    <ClCompile Include="C:\Users\srmeier\Desktop\assimp-3.3.1\contrib\unzip\unzip.c">
      <Filter>unzip</Filter>
    </ClCompile>
    <ClCompile Include="C:\Users\srmeier\Desktop\assimp-3.3.1\contrib\poly2tri\poly2tri\common\shapes.cc">
      <Filter>Poly2Tri</Filter>
    </ClCompile>
    <ClCompile Include="C:\Users\srmeier\Desktop\assimp-3.3.1\contrib\poly2tri\poly2tri\sweep\advancing_front.cc">
      <Filter>Poly2Tri</Filter>
    </ClCompile>
    <ClCompile Include="C:\Users\srmeier\Desktop\assimp-3.3.1\contrib\poly2tri\poly2tri\sweep\cdt.cc">
      <Filter>Poly2Tri</Filter>
    </ClCompile>
    <ClCompile Include="C:\Users\srmeier\Desktop\assimp-3.3.1\contrib\poly2tri\poly2tri\sweep\sweep.cc">
      <Filter>Poly2Tri</Filter>
    </ClCompile>
    <ClCompile Include="C:\Users\srmeier\Desktop\assimp-3.3.1\contrib\poly2tri\poly2tri\sweep\sweep_context.cc">
      <Filter>Poly2Tri</Filter>
    </ClCompile>
    <ClCompile Include="C:\Users\srmeier\Desktop\assimp-3.3.1\contrib\clipper\clipper.cpp">
      <Filter>Clipper</Filter>
    </ClCompile>
    <ClCompile Include="C:\Users\srmeier\Desktop\assimp-3.3.1\contrib\openddlparser\code\OpenDDLParser.cpp">
      <Filter>openddl_parser</Filter>
    </ClCompile>
    <ClCompile Include="C:\Users\srmeier\Desktop\assimp-3.3.1\contrib\openddlparser\code\DDLNode.cpp">
      <Filter>openddl_parser</Filter>
    </ClCompile>
    <ClCompile Include="C:\Users\srmeier\Desktop\assimp-3.3.1\contrib\openddlparser\code\OpenDDLCommon.cpp">
      <Filter>openddl_parser</Filter>
    </ClCompile>
    <ClCompile Include="C:\Users\srmeier\Desktop\assimp-3.3.1\contrib\openddlparser\code\OpenDDLExport.cpp">
      <Filter>openddl_parser</Filter>
    </ClCompile>
    <ClCompile Include="C:\Users\srmeier\Desktop\assimp-3.3.1\contrib\openddlparser\code\Value.cpp">
      <Filter>openddl_parser</Filter>
    </ClCompile>
  </ItemGroup>
  <ItemGroup>
    <ClInclude Include="C:\Users\srmeier\Desktop\assimp-3.3.1\code\fast_atof.h">
      <Filter>Common</Filter>
    </ClInclude>
    <ClInclude Include="C:\Users\srmeier\Desktop\assimp-3.3.1\code\qnan.h">
      <Filter>Common</Filter>
    </ClInclude>
    <ClInclude Include="C:\Users\srmeier\Desktop\assimp-3.3.1\code\BaseImporter.h">
      <Filter>Common</Filter>
    </ClInclude>
    <ClInclude Include="C:\Users\srmeier\Desktop\assimp-3.3.1\code\BaseProcess.h">
      <Filter>Common</Filter>
    </ClInclude>
    <ClInclude Include="C:\Users\srmeier\Desktop\assimp-3.3.1\code\Importer.h">
      <Filter>Common</Filter>
    </ClInclude>
    <ClInclude Include="C:\Users\srmeier\Desktop\assimp-3.3.1\code\ScenePrivate.h">
      <Filter>Common</Filter>
    </ClInclude>
    <ClInclude Include="C:\Users\srmeier\Desktop\assimp-3.3.1\code\ByteSwapper.h">
      <Filter>Common</Filter>
    </ClInclude>
    <ClInclude Include="C:\Users\srmeier\Desktop\assimp-3.3.1\code\DefaultProgressHandler.h">
      <Filter>Common</Filter>
    </ClInclude>
    <ClInclude Include="C:\Users\srmeier\Desktop\assimp-3.3.1\code\DefaultIOStream.h">
      <Filter>Common</Filter>
    </ClInclude>
    <ClInclude Include="C:\Users\srmeier\Desktop\assimp-3.3.1\code\DefaultIOSystem.h">
      <Filter>Common</Filter>
    </ClInclude>
    <ClInclude Include="C:\Users\srmeier\Desktop\assimp-3.3.1\code\CInterfaceIOWrapper.h">
      <Filter>Common</Filter>
    </ClInclude>
    <ClInclude Include="C:\Users\srmeier\Desktop\assimp-3.3.1\code\Hash.h">
      <Filter>Common</Filter>
    </ClInclude>
    <ClInclude Include="C:\Users\srmeier\Desktop\assimp-3.3.1\code\IFF.h">
      <Filter>Common</Filter>
    </ClInclude>
    <ClInclude Include="C:\Users\srmeier\Desktop\assimp-3.3.1\code\MemoryIOWrapper.h">
      <Filter>Common</Filter>
    </ClInclude>
    <ClInclude Include="C:\Users\srmeier\Desktop\assimp-3.3.1\code\ParsingUtils.h">
      <Filter>Common</Filter>
    </ClInclude>
    <ClInclude Include="C:\Users\srmeier\Desktop\assimp-3.3.1\code\StreamReader.h">
      <Filter>Common</Filter>
    </ClInclude>
    <ClInclude Include="C:\Users\srmeier\Desktop\assimp-3.3.1\code\StreamWriter.h">
      <Filter>Common</Filter>
    </ClInclude>
    <ClInclude Include="C:\Users\srmeier\Desktop\assimp-3.3.1\code\StringComparison.h">
      <Filter>Common</Filter>
    </ClInclude>
    <ClInclude Include="C:\Users\srmeier\Desktop\assimp-3.3.1\code\StringUtils.h">
      <Filter>Common</Filter>
    </ClInclude>
    <ClInclude Include="C:\Users\srmeier\Desktop\assimp-3.3.1\code\SGSpatialSort.h">
      <Filter>Common</Filter>
    </ClInclude>
    <ClInclude Include="C:\Users\srmeier\Desktop\assimp-3.3.1\code\VertexTriangleAdjacency.h">
      <Filter>Common</Filter>
    </ClInclude>
    <ClInclude Include="C:\Users\srmeier\Desktop\assimp-3.3.1\code\GenericProperty.h">
      <Filter>Common</Filter>
    </ClInclude>
    <ClInclude Include="C:\Users\srmeier\Desktop\assimp-3.3.1\code\SpatialSort.h">
      <Filter>Common</Filter>
    </ClInclude>
    <ClInclude Include="C:\Users\srmeier\Desktop\assimp-3.3.1\code\SceneCombiner.h">
      <Filter>Common</Filter>
    </ClInclude>
    <ClInclude Include="C:\Users\srmeier\Desktop\assimp-3.3.1\code\ScenePreprocessor.h">
      <Filter>Common</Filter>
    </ClInclude>
    <ClInclude Include="C:\Users\srmeier\Desktop\assimp-3.3.1\code\SkeletonMeshBuilder.h">
      <Filter>Common</Filter>
    </ClInclude>
    <ClInclude Include="C:\Users\srmeier\Desktop\assimp-3.3.1\code\SplitByBoneCountProcess.h">
      <Filter>Common</Filter>
    </ClInclude>
    <ClInclude Include="C:\Users\srmeier\Desktop\assimp-3.3.1\code\SmoothingGroups.h">
      <Filter>Common</Filter>
    </ClInclude>
    <ClInclude Include="C:\Users\srmeier\Desktop\assimp-3.3.1\code\StandardShapes.h">
      <Filter>Common</Filter>
    </ClInclude>
    <ClInclude Include="C:\Users\srmeier\Desktop\assimp-3.3.1\code\TargetAnimation.h">
      <Filter>Common</Filter>
    </ClInclude>
    <ClInclude Include="C:\Users\srmeier\Desktop\assimp-3.3.1\code\RemoveComments.h">
      <Filter>Common</Filter>
    </ClInclude>
    <ClInclude Include="C:\Users\srmeier\Desktop\assimp-3.3.1\code\Subdivision.h">
      <Filter>Common</Filter>
    </ClInclude>
    <ClInclude Include="C:\Users\srmeier\Desktop\assimp-3.3.1\code\Vertex.h">
      <Filter>Common</Filter>
    </ClInclude>
    <ClInclude Include="C:\Users\srmeier\Desktop\assimp-3.3.1\code\LineSplitter.h">
      <Filter>Common</Filter>
    </ClInclude>
    <ClInclude Include="C:\Users\srmeier\Desktop\assimp-3.3.1\code\TinyFormatter.h">
      <Filter>Common</Filter>
    </ClInclude>
    <ClInclude Include="C:\Users\srmeier\Desktop\assimp-3.3.1\code\Profiler.h">
      <Filter>Common</Filter>
    </ClInclude>
    <ClInclude Include="C:\Users\srmeier\Desktop\assimp-3.3.1\code\LogAux.h">
      <Filter>Common</Filter>
    </ClInclude>
    <ClInclude Include="C:\Users\srmeier\Desktop\assimp-3.3.1\code\Bitmap.h">
      <Filter>Common</Filter>
    </ClInclude>
    <ClInclude Include="C:\Users\srmeier\Desktop\assimp-3.3.1\code\XMLTools.h">
      <Filter>Common</Filter>
    </ClInclude>
    <ClInclude Include="C:\Users\srmeier\Desktop\assimp-3.3.1\include\assimp\DefaultLogger.hpp">
      <Filter>Logging</Filter>
    </ClInclude>
    <ClInclude Include="C:\Users\srmeier\Desktop\assimp-3.3.1\include\assimp\LogStream.hpp">
      <Filter>Logging</Filter>
    </ClInclude>
    <ClInclude Include="C:\Users\srmeier\Desktop\assimp-3.3.1\include\assimp\Logger.hpp">
      <Filter>Logging</Filter>
    </ClInclude>
    <ClInclude Include="C:\Users\srmeier\Desktop\assimp-3.3.1\include\assimp\NullLogger.hpp">
      <Filter>Logging</Filter>
    </ClInclude>
    <ClInclude Include="C:\Users\srmeier\Desktop\assimp-3.3.1\code\Win32DebugLogStream.h">
      <Filter>Logging</Filter>
    </ClInclude>
    <ClInclude Include="C:\Users\srmeier\Desktop\assimp-3.3.1\code\FileLogStream.h">
      <Filter>Logging</Filter>
    </ClInclude>
    <ClInclude Include="C:\Users\srmeier\Desktop\assimp-3.3.1\code\StdOStreamLogStream.h">
      <Filter>Logging</Filter>
    </ClInclude>
    <ClInclude Include="C:\Users\srmeier\Desktop\assimp-3.3.1\code\BlobIOSystem.h">
      <Filter>Exporter</Filter>
    </ClInclude>
    <ClInclude Include="C:\Users\srmeier\Desktop\assimp-3.3.1\code\CalcTangentsProcess.h">
      <Filter>PostProcessing</Filter>
    </ClInclude>
    <ClInclude Include="C:\Users\srmeier\Desktop\assimp-3.3.1\code\ComputeUVMappingProcess.h">
      <Filter>PostProcessing</Filter>
    </ClInclude>
    <ClInclude Include="C:\Users\srmeier\Desktop\assimp-3.3.1\code\ConvertToLHProcess.h">
      <Filter>PostProcessing</Filter>
    </ClInclude>
    <ClInclude Include="C:\Users\srmeier\Desktop\assimp-3.3.1\code\FindDegenerates.h">
      <Filter>PostProcessing</Filter>
    </ClInclude>
    <ClInclude Include="C:\Users\srmeier\Desktop\assimp-3.3.1\code\FindInstancesProcess.h">
      <Filter>PostProcessing</Filter>
    </ClInclude>
    <ClInclude Include="C:\Users\srmeier\Desktop\assimp-3.3.1\code\FindInvalidDataProcess.h">
      <Filter>PostProcessing</Filter>
    </ClInclude>
    <ClInclude Include="C:\Users\srmeier\Desktop\assimp-3.3.1\code\FixNormalsStep.h">
      <Filter>PostProcessing</Filter>
    </ClInclude>
    <ClInclude Include="C:\Users\srmeier\Desktop\assimp-3.3.1\code\GenFaceNormalsProcess.h">
      <Filter>PostProcessing</Filter>
    </ClInclude>
    <ClInclude Include="C:\Users\srmeier\Desktop\assimp-3.3.1\code\GenVertexNormalsProcess.h">
      <Filter>PostProcessing</Filter>
    </ClInclude>
    <ClInclude Include="C:\Users\srmeier\Desktop\assimp-3.3.1\code\PretransformVertices.h">
      <Filter>PostProcessing</Filter>
    </ClInclude>
    <ClInclude Include="C:\Users\srmeier\Desktop\assimp-3.3.1\code\ImproveCacheLocality.h">
      <Filter>PostProcessing</Filter>
    </ClInclude>
    <ClInclude Include="C:\Users\srmeier\Desktop\assimp-3.3.1\code\JoinVerticesProcess.h">
      <Filter>PostProcessing</Filter>
    </ClInclude>
    <ClInclude Include="C:\Users\srmeier\Desktop\assimp-3.3.1\code\LimitBoneWeightsProcess.h">
      <Filter>PostProcessing</Filter>
    </ClInclude>
    <ClInclude Include="C:\Users\srmeier\Desktop\assimp-3.3.1\code\RemoveRedundantMaterials.h">
      <Filter>PostProcessing</Filter>
    </ClInclude>
    <ClInclude Include="C:\Users\srmeier\Desktop\assimp-3.3.1\code\RemoveVCProcess.h">
      <Filter>PostProcessing</Filter>
    </ClInclude>
    <ClInclude Include="C:\Users\srmeier\Desktop\assimp-3.3.1\code\SortByPTypeProcess.h">
      <Filter>PostProcessing</Filter>
    </ClInclude>
    <ClInclude Include="C:\Users\srmeier\Desktop\assimp-3.3.1\code\SplitLargeMeshes.h">
      <Filter>PostProcessing</Filter>
    </ClInclude>
    <ClInclude Include="C:\Users\srmeier\Desktop\assimp-3.3.1\code\TextureTransform.h">
      <Filter>PostProcessing</Filter>
    </ClInclude>
    <ClInclude Include="C:\Users\srmeier\Desktop\assimp-3.3.1\code\TriangulateProcess.h">
      <Filter>PostProcessing</Filter>
    </ClInclude>
    <ClInclude Include="C:\Users\srmeier\Desktop\assimp-3.3.1\code\ValidateDataStructure.h">
      <Filter>PostProcessing</Filter>
    </ClInclude>
    <ClInclude Include="C:\Users\srmeier\Desktop\assimp-3.3.1\code\OptimizeGraph.h">
      <Filter>PostProcessing</Filter>
    </ClInclude>
    <ClInclude Include="C:\Users\srmeier\Desktop\assimp-3.3.1\code\OptimizeMeshes.h">
      <Filter>PostProcessing</Filter>
    </ClInclude>
    <ClInclude Include="C:\Users\srmeier\Desktop\assimp-3.3.1\code\DeboneProcess.h">
      <Filter>PostProcessing</Filter>
    </ClInclude>
    <ClInclude Include="C:\Users\srmeier\Desktop\assimp-3.3.1\code\ProcessHelper.h">
      <Filter>PostProcessing</Filter>
    </ClInclude>
    <ClInclude Include="C:\Users\srmeier\Desktop\assimp-3.3.1\code\PolyTools.h">
      <Filter>PostProcessing</Filter>
    </ClInclude>
    <ClInclude Include="C:\Users\srmeier\Desktop\assimp-3.3.1\code\MakeVerboseFormat.h">
      <Filter>PostProcessing</Filter>
    </ClInclude>
    <ClInclude Include="C:\Users\srmeier\Desktop\assimp-3.3.1\code\MaterialSystem.h">
      <Filter>MaterialSystem</Filter>
    </ClInclude>
    <ClInclude Include="C:\Users\srmeier\Desktop\assimp-3.3.1\code\StepExporter.h">
      <Filter>Step</Filter>
    </ClInclude>
    <ClInclude Include="C:\Users\srmeier\Desktop\assimp-3.3.1\code\3DSHelper.h">
      <Filter>3DS</Filter>
    </ClInclude>
    <ClInclude Include="C:\Users\srmeier\Desktop\assimp-3.3.1\code\3DSLoader.h">
      <Filter>3DS</Filter>
    </ClInclude>
    <ClInclude Include="C:\Users\srmeier\Desktop\assimp-3.3.1\code\3DSExporter.h">
      <Filter>3DS</Filter>
    </ClInclude>
    <ClInclude Include="C:\Users\srmeier\Desktop\assimp-3.3.1\code\ACLoader.h">
      <Filter>AC</Filter>
    </ClInclude>
    <ClInclude Include="C:\Users\srmeier\Desktop\assimp-3.3.1\code\ASELoader.h">
      <Filter>ASE</Filter>
    </ClInclude>
    <ClInclude Include="C:\Users\srmeier\Desktop\assimp-3.3.1\code\ASEParser.h">
      <Filter>ASE</Filter>
    </ClInclude>
    <ClInclude Include="C:\Users\srmeier\Desktop\assimp-3.3.1\code\AssbinExporter.h">
      <Filter>ASSBIN</Filter>
    </ClInclude>
    <ClInclude Include="C:\Users\srmeier\Desktop\assimp-3.3.1\code\AssbinLoader.h">
      <Filter>ASSBIN</Filter>
    </ClInclude>
    <ClInclude Include="C:\Users\srmeier\Desktop\assimp-3.3.1\code\AssxmlExporter.h">
      <Filter>ASSXML</Filter>
    </ClInclude>
    <ClInclude Include="C:\Users\srmeier\Desktop\assimp-3.3.1\code\B3DImporter.h">
      <Filter>B3D</Filter>
    </ClInclude>
    <ClInclude Include="C:\Users\srmeier\Desktop\assimp-3.3.1\code\BVHLoader.h">
      <Filter>BVH</Filter>
    </ClInclude>
    <ClInclude Include="C:\Users\srmeier\Desktop\assimp-3.3.1\code\ColladaHelper.h">
      <Filter>COLLADA</Filter>
    </ClInclude>
    <ClInclude Include="C:\Users\srmeier\Desktop\assimp-3.3.1\code\ColladaLoader.h">
      <Filter>COLLADA</Filter>
    </ClInclude>
    <ClInclude Include="C:\Users\srmeier\Desktop\assimp-3.3.1\code\ColladaParser.h">
      <Filter>COLLADA</Filter>
    </ClInclude>
    <ClInclude Include="C:\Users\srmeier\Desktop\assimp-3.3.1\code\ColladaExporter.h">
      <Filter>COLLADA</Filter>
    </ClInclude>
    <ClInclude Include="C:\Users\srmeier\Desktop\assimp-3.3.1\code\DXFLoader.h">
      <Filter>DXF</Filter>
    </ClInclude>
    <ClInclude Include="C:\Users\srmeier\Desktop\assimp-3.3.1\code\DXFHelper.h">
      <Filter>DXF</Filter>
    </ClInclude>
    <ClInclude Include="C:\Users\srmeier\Desktop\assimp-3.3.1\code\CSMLoader.h">
      <Filter>CSM</Filter>
    </ClInclude>
    <ClInclude Include="C:\Users\srmeier\Desktop\assimp-3.3.1\code\HMPFileData.h">
      <Filter>HMP</Filter>
    </ClInclude>
    <ClInclude Include="C:\Users\srmeier\Desktop\assimp-3.3.1\code\HMPLoader.h">
      <Filter>HMP</Filter>
    </ClInclude>
    <ClInclude Include="C:\Users\srmeier\Desktop\assimp-3.3.1\code\HalfLifeFileData.h">
      <Filter>HMP</Filter>
    </ClInclude>
    <ClInclude Include="C:\Users\srmeier\Desktop\assimp-3.3.1\code\IRRMeshLoader.h">
      <Filter>IRRMESH</Filter>
    </ClInclude>
    <ClInclude Include="C:\Users\srmeier\Desktop\assimp-3.3.1\code\IRRShared.h">
      <Filter>IRR</Filter>
    </ClInclude>
    <ClInclude Include="C:\Users\srmeier\Desktop\assimp-3.3.1\code\IRRLoader.h">
      <Filter>IRR</Filter>
    </ClInclude>
    <ClInclude Include="C:\Users\srmeier\Desktop\assimp-3.3.1\code\LWOAnimation.h">
      <Filter>LWO</Filter>
    </ClInclude>
    <ClInclude Include="C:\Users\srmeier\Desktop\assimp-3.3.1\code\LWOFileData.h">
      <Filter>LWO</Filter>
    </ClInclude>
    <ClInclude Include="C:\Users\srmeier\Desktop\assimp-3.3.1\code\LWOLoader.h">
      <Filter>LWO</Filter>
    </ClInclude>
    <ClInclude Include="C:\Users\srmeier\Desktop\assimp-3.3.1\code\LWSLoader.h">
      <Filter>LWS</Filter>
    </ClInclude>
    <ClInclude Include="C:\Users\srmeier\Desktop\assimp-3.3.1\code\MD2FileData.h">
      <Filter>MD2</Filter>
    </ClInclude>
    <ClInclude Include="C:\Users\srmeier\Desktop\assimp-3.3.1\code\MD2Loader.h">
      <Filter>MD2</Filter>
    </ClInclude>
    <ClInclude Include="C:\Users\srmeier\Desktop\assimp-3.3.1\code\MD2NormalTable.h">
      <Filter>MD2</Filter>
    </ClInclude>
    <ClInclude Include="C:\Users\srmeier\Desktop\assimp-3.3.1\code\MD3FileData.h">
      <Filter>MD3</Filter>
    </ClInclude>
    <ClInclude Include="C:\Users\srmeier\Desktop\assimp-3.3.1\code\MD3Loader.h">
      <Filter>MD3</Filter>
    </ClInclude>
    <ClInclude Include="C:\Users\srmeier\Desktop\assimp-3.3.1\code\MD5Loader.h">
      <Filter>MD5</Filter>
    </ClInclude>
    <ClInclude Include="C:\Users\srmeier\Desktop\assimp-3.3.1\code\MD5Parser.h">
      <Filter>MD5</Filter>
    </ClInclude>
    <ClInclude Include="C:\Users\srmeier\Desktop\assimp-3.3.1\code\MDCFileData.h">
      <Filter>MDC</Filter>
    </ClInclude>
    <ClInclude Include="C:\Users\srmeier\Desktop\assimp-3.3.1\code\MDCLoader.h">
      <Filter>MDC</Filter>
    </ClInclude>
    <ClInclude Include="C:\Users\srmeier\Desktop\assimp-3.3.1\code\MDCNormalTable.h">
      <Filter>MDC</Filter>
    </ClInclude>
    <ClInclude Include="C:\Users\srmeier\Desktop\assimp-3.3.1\code\MDLDefaultColorMap.h">
      <Filter>MDL</Filter>
    </ClInclude>
    <ClInclude Include="C:\Users\srmeier\Desktop\assimp-3.3.1\code\MDLFileData.h">
      <Filter>MDL</Filter>
    </ClInclude>
    <ClInclude Include="C:\Users\srmeier\Desktop\assimp-3.3.1\code\MDLLoader.h">
      <Filter>MDL</Filter>
    </ClInclude>
    <ClInclude Include="C:\Users\srmeier\Desktop\assimp-3.3.1\code\NFFLoader.h">
      <Filter>NFF</Filter>
    </ClInclude>
    <ClInclude Include="C:\Users\srmeier\Desktop\assimp-3.3.1\code\NDOLoader.h">
      <Filter>NDO</Filter>
    </ClInclude>
    <ClInclude Include="C:\Users\srmeier\Desktop\assimp-3.3.1\code\OFFLoader.h">
      <Filter>OFF</Filter>
    </ClInclude>
    <ClInclude Include="C:\Users\srmeier\Desktop\assimp-3.3.1\code\ObjFileData.h">
      <Filter>OBJ</Filter>
    </ClInclude>
    <ClInclude Include="C:\Users\srmeier\Desktop\assimp-3.3.1\code\ObjFileImporter.h">
      <Filter>OBJ</Filter>
    </ClInclude>
    <ClInclude Include="C:\Users\srmeier\Desktop\assimp-3.3.1\code\ObjFileMtlImporter.h">
      <Filter>OBJ</Filter>
    </ClInclude>
    <ClInclude Include="C:\Users\srmeier\Desktop\assimp-3.3.1\code\ObjFileParser.h">
      <Filter>OBJ</Filter>
    </ClInclude>
    <ClInclude Include="C:\Users\srmeier\Desktop\assimp-3.3.1\code\ObjTools.h">
      <Filter>OBJ</Filter>
    </ClInclude>
    <ClInclude Include="C:\Users\srmeier\Desktop\assimp-3.3.1\code\ObjExporter.h">
      <Filter>OBJ</Filter>
    </ClInclude>
    <ClInclude Include="C:\Users\srmeier\Desktop\assimp-3.3.1\code\OgreImporter.h">
      <Filter>OGRE</Filter>
    </ClInclude>
    <ClInclude Include="C:\Users\srmeier\Desktop\assimp-3.3.1\code\OgreStructs.h">
      <Filter>OGRE</Filter>
    </ClInclude>
    <ClInclude Include="C:\Users\srmeier\Desktop\assimp-3.3.1\code\OgreParsingUtils.h">
      <Filter>OGRE</Filter>
    </ClInclude>
    <ClInclude Include="C:\Users\srmeier\Desktop\assimp-3.3.1\code\OgreBinarySerializer.h">
      <Filter>OGRE</Filter>
    </ClInclude>
    <ClInclude Include="C:\Users\srmeier\Desktop\assimp-3.3.1\code\OgreXmlSerializer.h">
      <Filter>OGRE</Filter>
    </ClInclude>
    <ClInclude Include="C:\Users\srmeier\Desktop\assimp-3.3.1\code\OpenGEXExporter.h">
      <Filter>OPENGEX</Filter>
    </ClInclude>
    <ClInclude Include="C:\Users\srmeier\Desktop\assimp-3.3.1\code\OpenGEXImporter.h">
      <Filter>OPENGEX</Filter>
    </ClInclude>
    <ClInclude Include="C:\Users\srmeier\Desktop\assimp-3.3.1\code\OpenGEXStructs.h">
      <Filter>OPENGEX</Filter>
    </ClInclude>
    <ClInclude Include="C:\Users\srmeier\Desktop\assimp-3.3.1\code\PlyLoader.h">
      <Filter>PLY</Filter>
    </ClInclude>
    <ClInclude Include="C:\Users\srmeier\Desktop\assimp-3.3.1\code\PlyParser.h">
      <Filter>PLY</Filter>
    </ClInclude>
    <ClInclude Include="C:\Users\srmeier\Desktop\assimp-3.3.1\code\PlyExporter.h">
      <Filter>PLY</Filter>
    </ClInclude>
    <ClInclude Include="C:\Users\srmeier\Desktop\assimp-3.3.1\code\MS3DLoader.h">
      <Filter>MS3D</Filter>
    </ClInclude>
    <ClInclude Include="C:\Users\srmeier\Desktop\assimp-3.3.1\code\COBLoader.h">
      <Filter>COB</Filter>
    </ClInclude>
    <ClInclude Include="C:\Users\srmeier\Desktop\assimp-3.3.1\code\COBScene.h">
      <Filter>COB</Filter>
    </ClInclude>
    <ClInclude Include="C:\Users\srmeier\Desktop\assimp-3.3.1\code\BlenderLoader.h">
      <Filter>BLEND</Filter>
    </ClInclude>
    <ClInclude Include="C:\Users\srmeier\Desktop\assimp-3.3.1\code\BlenderDNA.h">
      <Filter>BLEND</Filter>
    </ClInclude>
    <ClInclude Include="C:\Users\srmeier\Desktop\assimp-3.3.1\code\BlenderDNA.inl">
      <Filter>BLEND</Filter>
    </ClInclude>
    <ClInclude Include="C:\Users\srmeier\Desktop\assimp-3.3.1\code\BlenderScene.h">
      <Filter>BLEND</Filter>
    </ClInclude>
    <ClInclude Include="C:\Users\srmeier\Desktop\assimp-3.3.1\code\BlenderSceneGen.h">
      <Filter>BLEND</Filter>
    </ClInclude>
    <ClInclude Include="C:\Users\srmeier\Desktop\assimp-3.3.1\code\BlenderIntermediate.h">
      <Filter>BLEND</Filter>
    </ClInclude>
    <ClInclude Include="C:\Users\srmeier\Desktop\assimp-3.3.1\code\BlenderModifier.h">
      <Filter>BLEND</Filter>
    </ClInclude>
    <ClInclude Include="C:\Users\srmeier\Desktop\assimp-3.3.1\code\BlenderBMesh.h">
      <Filter>BLEND</Filter>
    </ClInclude>
    <ClInclude Include="C:\Users\srmeier\Desktop\assimp-3.3.1\code\BlenderTessellator.h">
      <Filter>BLEND</Filter>
    </ClInclude>
    <ClInclude Include="C:\Users\srmeier\Desktop\assimp-3.3.1\code\IFCLoader.h">
      <Filter>IFC</Filter>
    </ClInclude>
    <ClInclude Include="C:\Users\srmeier\Desktop\assimp-3.3.1\code\IFCReaderGen.h">
      <Filter>IFC</Filter>
    </ClInclude>
    <ClInclude Include="C:\Users\srmeier\Desktop\assimp-3.3.1\code\IFCUtil.h">
      <Filter>IFC</Filter>
    </ClInclude>
    <ClInclude Include="C:\Users\srmeier\Desktop\assimp-3.3.1\code\STEPFile.h">
      <Filter>IFC</Filter>
    </ClInclude>
    <ClInclude Include="C:\Users\srmeier\Desktop\assimp-3.3.1\code\STEPFileReader.h">
      <Filter>IFC</Filter>
    </ClInclude>
    <ClInclude Include="C:\Users\srmeier\Desktop\assimp-3.3.1\code\STEPFileEncoding.h">
      <Filter>IFC</Filter>
    </ClInclude>
    <ClInclude Include="C:\Users\srmeier\Desktop\assimp-3.3.1\code\XGLLoader.h">
      <Filter>XGL</Filter>
    </ClInclude>
    <ClInclude Include="C:\Users\srmeier\Desktop\assimp-3.3.1\code\FBXCompileConfig.h">
      <Filter>FBX</Filter>
    </ClInclude>
    <ClInclude Include="C:\Users\srmeier\Desktop\assimp-3.3.1\code\FBXImporter.h">
      <Filter>FBX</Filter>
    </ClInclude>
    <ClInclude Include="C:\Users\srmeier\Desktop\assimp-3.3.1\code\FBXParser.h">
      <Filter>FBX</Filter>
    </ClInclude>
    <ClInclude Include="C:\Users\srmeier\Desktop\assimp-3.3.1\code\FBXTokenizer.h">
      <Filter>FBX</Filter>
    </ClInclude>
    <ClInclude Include="C:\Users\srmeier\Desktop\assimp-3.3.1\code\FBXImportSettings.h">
      <Filter>FBX</Filter>
    </ClInclude>
    <ClInclude Include="C:\Users\srmeier\Desktop\assimp-3.3.1\code\FBXConverter.h">
      <Filter>FBX</Filter>
    </ClInclude>
    <ClInclude Include="C:\Users\srmeier\Desktop\assimp-3.3.1\code\FBXUtil.h">
      <Filter>FBX</Filter>
    </ClInclude>
    <ClInclude Include="C:\Users\srmeier\Desktop\assimp-3.3.1\code\FBXDocument.h">
      <Filter>FBX</Filter>
    </ClInclude>
    <ClInclude Include="C:\Users\srmeier\Desktop\assimp-3.3.1\code\FBXProperties.h">
      <Filter>FBX</Filter>
    </ClInclude>
    <ClInclude Include="C:\Users\srmeier\Desktop\assimp-3.3.1\code\FBXMeshGeometry.h">
      <Filter>FBX</Filter>
    </ClInclude>
    <ClInclude Include="C:\Users\srmeier\Desktop\assimp-3.3.1\code\Q3DLoader.h">
      <Filter>Q3D</Filter>
    </ClInclude>
    <ClInclude Include="C:\Users\srmeier\Desktop\assimp-3.3.1\code\Q3BSPFileData.h">
      <Filter>Q3BSP</Filter>
    </ClInclude>
    <ClInclude Include="C:\Users\srmeier\Desktop\assimp-3.3.1\code\Q3BSPFileParser.h">
      <Filter>Q3BSP</Filter>
    </ClInclude>
    <ClInclude Include="C:\Users\srmeier\Desktop\assimp-3.3.1\code\Q3BSPFileImporter.h">
      <Filter>Q3BSP</Filter>
    </ClInclude>
    <ClInclude Include="C:\Users\srmeier\Desktop\assimp-3.3.1\code\Q3BSPZipArchive.h">
      <Filter>Q3BSP</Filter>
    </ClInclude>
    <ClInclude Include="C:\Users\srmeier\Desktop\assimp-3.3.1\code\RawLoader.h">
      <Filter>RAW</Filter>
    </ClInclude>
    <ClInclude Include="C:\Users\srmeier\Desktop\assimp-3.3.1\code\SIBImporter.h">
      <Filter>SIB</Filter>
    </ClInclude>
    <ClInclude Include="C:\Users\srmeier\Desktop\assimp-3.3.1\code\SMDLoader.h">
      <Filter>SMD</Filter>
    </ClInclude>
    <ClInclude Include="C:\Users\srmeier\Desktop\assimp-3.3.1\code\STLLoader.h">
      <Filter>STL</Filter>
    </ClInclude>
    <ClInclude Include="C:\Users\srmeier\Desktop\assimp-3.3.1\code\STLExporter.h">
      <Filter>STL</Filter>
    </ClInclude>
    <ClInclude Include="C:\Users\srmeier\Desktop\assimp-3.3.1\code\TerragenLoader.h">
      <Filter>TERRAGEN</Filter>
    </ClInclude>
    <ClInclude Include="C:\Users\srmeier\Desktop\assimp-3.3.1\code\UnrealLoader.h">
      <Filter>3D</Filter>
    </ClInclude>
    <ClInclude Include="C:\Users\srmeier\Desktop\assimp-3.3.1\code\XFileHelper.h">
      <Filter>X</Filter>
    </ClInclude>
    <ClInclude Include="C:\Users\srmeier\Desktop\assimp-3.3.1\code\XFileImporter.h">
      <Filter>X</Filter>
    </ClInclude>
    <ClInclude Include="C:\Users\srmeier\Desktop\assimp-3.3.1\code\XFileParser.h">
      <Filter>X</Filter>
    </ClInclude>
    <ClInclude Include="C:\Users\srmeier\Desktop\assimp-3.3.1\code\XFileExporter.h">
      <Filter>X</Filter>
    </ClInclude>
    <ClInclude Include="C:\Users\srmeier\Desktop\assimp-3.3.1\code\glTFAsset.h">
      <Filter>GLTF</Filter>
    </ClInclude>
    <ClInclude Include="C:\Users\srmeier\Desktop\assimp-3.3.1\code\glTFAsset.inl">
      <Filter>GLTF</Filter>
    </ClInclude>
    <ClInclude Include="C:\Users\srmeier\Desktop\assimp-3.3.1\code\glTFAssetWriter.h">
      <Filter>GLTF</Filter>
    </ClInclude>
    <ClInclude Include="C:\Users\srmeier\Desktop\assimp-3.3.1\code\glTFAssetWriter.inl">
      <Filter>GLTF</Filter>
    </ClInclude>
    <ClInclude Include="C:\Users\srmeier\Desktop\assimp-3.3.1\code\glTFImporter.h">
      <Filter>GLTF</Filter>
    </ClInclude>
    <ClInclude Include="C:\Users\srmeier\Desktop\assimp-3.3.1\code\glTFExporter.h">
      <Filter>GLTF</Filter>
    </ClInclude>
    <ClInclude Include="C:\Users\srmeier\Desktop\assimp-3.3.1\code\D3MFImporter.h">
      <Filter>3MF</Filter>
    </ClInclude>
    <ClInclude Include="C:\Users\srmeier\Desktop\assimp-3.3.1\code\D3MFOpcPackage.h">
      <Filter>3MF</Filter>
    </ClInclude>
    <ClInclude Include="C:\Users\srmeier\Desktop\assimp-3.3.1\code\irrXMLWrapper.h">
      <Filter>IrrXML</Filter>
    </ClInclude>
    <ClInclude Include="C:\Users\srmeier\Desktop\assimp-3.3.1\contrib\irrXML\CXMLReaderImpl.h">
      <Filter>IrrXML</Filter>
    </ClInclude>
    <ClInclude Include="C:\Users\srmeier\Desktop\assimp-3.3.1\contrib\irrXML\heapsort.h">
      <Filter>IrrXML</Filter>
    </ClInclude>
    <ClInclude Include="C:\Users\srmeier\Desktop\assimp-3.3.1\contrib\irrXML\irrArray.h">
      <Filter>IrrXML</Filter>
    </ClInclude>
    <ClInclude Include="C:\Users\srmeier\Desktop\assimp-3.3.1\contrib\irrXML\irrString.h">
      <Filter>IrrXML</Filter>
    </ClInclude>
    <ClInclude Include="C:\Users\srmeier\Desktop\assimp-3.3.1\contrib\irrXML\irrTypes.h">
      <Filter>IrrXML</Filter>
    </ClInclude>
    <ClInclude Include="C:\Users\srmeier\Desktop\assimp-3.3.1\contrib\irrXML\irrXML.h">
      <Filter>IrrXML</Filter>
    </ClInclude>
    <ClInclude Include="C:\Users\srmeier\Desktop\assimp-3.3.1\contrib\ConvertUTF\ConvertUTF.h">
      <Filter>ConvertUTF</Filter>
    </ClInclude>
    <ClInclude Include="C:\Users\srmeier\Desktop\assimp-3.3.1\contrib\unzip\crypt.h">
      <Filter>unzip</Filter>
    </ClInclude>
    <ClInclude Include="C:\Users\srmeier\Desktop\assimp-3.3.1\contrib\unzip\ioapi.h">
      <Filter>unzip</Filter>
    </ClInclude>
    <ClInclude Include="C:\Users\srmeier\Desktop\assimp-3.3.1\contrib\unzip\unzip.h">
      <Filter>unzip</Filter>
    </ClInclude>
    <ClInclude Include="C:\Users\srmeier\Desktop\assimp-3.3.1\contrib\poly2tri\poly2tri\common\shapes.h">
      <Filter>Poly2Tri</Filter>
    </ClInclude>
    <ClInclude Include="C:\Users\srmeier\Desktop\assimp-3.3.1\contrib\poly2tri\poly2tri\common\utils.h">
      <Filter>Poly2Tri</Filter>
    </ClInclude>
    <ClInclude Include="C:\Users\srmeier\Desktop\assimp-3.3.1\contrib\poly2tri\poly2tri\sweep\advancing_front.h">
      <Filter>Poly2Tri</Filter>
    </ClInclude>
    <ClInclude Include="C:\Users\srmeier\Desktop\assimp-3.3.1\contrib\poly2tri\poly2tri\sweep\cdt.h">
      <Filter>Poly2Tri</Filter>
    </ClInclude>
    <ClInclude Include="C:\Users\srmeier\Desktop\assimp-3.3.1\contrib\poly2tri\poly2tri\sweep\sweep.h">
      <Filter>Poly2Tri</Filter>
    </ClInclude>
    <ClInclude Include="C:\Users\srmeier\Desktop\assimp-3.3.1\contrib\poly2tri\poly2tri\sweep\sweep_context.h">
      <Filter>Poly2Tri</Filter>
    </ClInclude>
    <ClInclude Include="C:\Users\srmeier\Desktop\assimp-3.3.1\contrib\clipper\clipper.hpp">
      <Filter>Clipper</Filter>
    </ClInclude>
    <ClInclude Include="C:\Users\srmeier\Desktop\assimp-3.3.1\contrib\openddlparser\include\openddlparser\OpenDDLParser.h">
      <Filter>openddl_parser</Filter>
    </ClInclude>
    <ClInclude Include="C:\Users\srmeier\Desktop\assimp-3.3.1\contrib\openddlparser\include\openddlparser\OpenDDLParserUtils.h">
      <Filter>openddl_parser</Filter>
    </ClInclude>
    <ClInclude Include="C:\Users\srmeier\Desktop\assimp-3.3.1\contrib\openddlparser\include\openddlparser\OpenDDLCommon.h">
      <Filter>openddl_parser</Filter>
    </ClInclude>
    <ClInclude Include="C:\Users\srmeier\Desktop\assimp-3.3.1\contrib\openddlparser\include\openddlparser\OpenDDLExport.h">
      <Filter>openddl_parser</Filter>
    </ClInclude>
    <ClInclude Include="C:\Users\srmeier\Desktop\assimp-3.3.1\contrib\openddlparser\include\openddlparser\DDLNode.h">
      <Filter>openddl_parser</Filter>
    </ClInclude>
    <ClInclude Include="C:\Users\srmeier\Desktop\assimp-3.3.1\contrib\openddlparser\include\openddlparser\Value.h">
      <Filter>openddl_parser</Filter>
    </ClInclude>
    <ClInclude Include="C:\Users\srmeier\Desktop\assimp-3.3.1\include\assimp\anim.h">
      <Filter>Header Files</Filter>
    </ClInclude>
    <ClInclude Include="C:\Users\srmeier\Desktop\assimp-3.3.1\include\assimp\ai_assert.h">
      <Filter>Header Files</Filter>
    </ClInclude>
    <ClInclude Include="C:\Users\srmeier\Desktop\assimp-3.3.1\include\assimp\camera.h">
      <Filter>Header Files</Filter>
    </ClInclude>
    <ClInclude Include="C:\Users\srmeier\Desktop\assimp-3.3.1\include\assimp\color4.h">
      <Filter>Header Files</Filter>
    </ClInclude>
    <ClInclude Include="C:\Users\srmeier\Desktop\assimp-3.3.1\include\assimp\color4.inl">
      <Filter>Header Files</Filter>
    </ClInclude>
    <ClInclude Include="C:\Users\srmeier\Desktop\assimp-3.3.1\include\assimp\config.h">
      <Filter>Header Files</Filter>
    </ClInclude>
    <ClInclude Include="C:\Users\srmeier\Desktop\assimp-3.3.1\include\assimp\defs.h">
      <Filter>Header Files</Filter>
    </ClInclude>
    <ClInclude Include="C:\Users\srmeier\Desktop\assimp-3.3.1\include\assimp\cfileio.h">
      <Filter>Header Files</Filter>
    </ClInclude>
    <ClInclude Include="C:\Users\srmeier\Desktop\assimp-3.3.1\include\assimp\light.h">
      <Filter>Header Files</Filter>
    </ClInclude>
    <ClInclude Include="C:\Users\srmeier\Desktop\assimp-3.3.1\include\assimp\material.h">
      <Filter>Header Files</Filter>
    </ClInclude>
    <ClInclude Include="C:\Users\srmeier\Desktop\assimp-3.3.1\include\assimp\material.inl">
      <Filter>Header Files</Filter>
    </ClInclude>
    <ClInclude Include="C:\Users\srmeier\Desktop\assimp-3.3.1\include\assimp\matrix3x3.h">
      <Filter>Header Files</Filter>
    </ClInclude>
    <ClInclude Include="C:\Users\srmeier\Desktop\assimp-3.3.1\include\assimp\matrix3x3.inl">
      <Filter>Header Files</Filter>
    </ClInclude>
    <ClInclude Include="C:\Users\srmeier\Desktop\assimp-3.3.1\include\assimp\matrix4x4.h">
      <Filter>Header Files</Filter>
    </ClInclude>
    <ClInclude Include="C:\Users\srmeier\Desktop\assimp-3.3.1\include\assimp\matrix4x4.inl">
      <Filter>Header Files</Filter>
    </ClInclude>
    <ClInclude Include="C:\Users\srmeier\Desktop\assimp-3.3.1\include\assimp\mesh.h">
      <Filter>Header Files</Filter>
    </ClInclude>
    <ClInclude Include="C:\Users\srmeier\Desktop\assimp-3.3.1\include\assimp\postprocess.h">
      <Filter>Header Files</Filter>
    </ClInclude>
    <ClInclude Include="C:\Users\srmeier\Desktop\assimp-3.3.1\include\assimp\quaternion.h">
      <Filter>Header Files</Filter>
    </ClInclude>
    <ClInclude Include="C:\Users\srmeier\Desktop\assimp-3.3.1\include\assimp\quaternion.inl">
      <Filter>Header Files</Filter>
    </ClInclude>
    <ClInclude Include="C:\Users\srmeier\Desktop\assimp-3.3.1\include\assimp\scene.h">
      <Filter>Header Files</Filter>
    </ClInclude>
    <ClInclude Include="C:\Users\srmeier\Desktop\assimp-3.3.1\include\assimp\metadata.h">
      <Filter>Header Files</Filter>
    </ClInclude>
    <ClInclude Include="C:\Users\srmeier\Desktop\assimp-3.3.1\include\assimp\texture.h">
      <Filter>Header Files</Filter>
    </ClInclude>
    <ClInclude Include="C:\Users\srmeier\Desktop\assimp-3.3.1\include\assimp\types.h">
      <Filter>Header Files</Filter>
    </ClInclude>
    <ClInclude Include="C:\Users\srmeier\Desktop\assimp-3.3.1\include\assimp\vector2.h">
      <Filter>Header Files</Filter>
    </ClInclude>
    <ClInclude Include="C:\Users\srmeier\Desktop\assimp-3.3.1\include\assimp\vector2.inl">
      <Filter>Header Files</Filter>
    </ClInclude>
    <ClInclude Include="C:\Users\srmeier\Desktop\assimp-3.3.1\include\assimp\vector3.h">
      <Filter>Header Files</Filter>
    </ClInclude>
    <ClInclude Include="C:\Users\srmeier\Desktop\assimp-3.3.1\include\assimp\vector3.inl">
      <Filter>Header Files</Filter>
    </ClInclude>
    <ClInclude Include="C:\Users\srmeier\Desktop\assimp-3.3.1\include\assimp\version.h">
      <Filter>Header Files</Filter>
    </ClInclude>
    <ClInclude Include="C:\Users\srmeier\Desktop\assimp-3.3.1\include\assimp\cimport.h">
      <Filter>Header Files</Filter>
    </ClInclude>
    <ClInclude Include="C:\Users\srmeier\Desktop\assimp-3.3.1\include\assimp\importerdesc.h">
      <Filter>Header Files</Filter>
    </ClInclude>
    <ClInclude Include="C:\Users\srmeier\Desktop\assimp-3.3.1\include\assimp\Importer.hpp">
      <Filter>Header Files</Filter>
    </ClInclude>
    <ClInclude Include="C:\Users\srmeier\Desktop\assimp-3.3.1\include\assimp\ProgressHandler.hpp">
      <Filter>Header Files</Filter>
    </ClInclude>
    <ClInclude Include="C:\Users\srmeier\Desktop\assimp-3.3.1\include\assimp\IOStream.hpp">
      <Filter>Header Files</Filter>
    </ClInclude>
    <ClInclude Include="C:\Users\srmeier\Desktop\assimp-3.3.1\include\assimp\IOSystem.hpp">
      <Filter>Header Files</Filter>
    </ClInclude>
    <ClInclude Include="C:\Users\srmeier\Desktop\assimp-3.3.1\include\assimp\cexport.h">
      <Filter>Header Files</Filter>
    </ClInclude>
    <ClInclude Include="C:\Users\srmeier\Desktop\assimp-3.3.1\include\assimp\Exporter.hpp">
      <Filter>Header Files</Filter>
    </ClInclude>
    <ClInclude Include="C:\Users\srmeier\Desktop\assimp-3.3.1\include\assimp\Compiler\pushpack1.h">
      <Filter>Compiler</Filter>
    </ClInclude>
    <ClInclude Include="C:\Users\srmeier\Desktop\assimp-3.3.1\include\assimp\Compiler\poppack1.h">
      <Filter>Compiler</Filter>
    </ClInclude>
    <ClInclude Include="C:\Users\srmeier\Desktop\assimp-3.3.1\include\assimp\Compiler\pstdint.h">
      <Filter>Compiler</Filter>
    </ClInclude>
  </ItemGroup>
  <ItemGroup>
    <CustomBuild Include="C:\Users\srmeier\Desktop\assimp-3.3.1\code\CMakeLists.txt" />
  </ItemGroup>
  <ItemGroup>
    <Filter Include="Source Files">
      <UniqueIdentifier>{2668B36B-06DC-36B2-94E4-B3296EDB3D9F}</UniqueIdentifier>
    </Filter>
    <Filter Include="Header Files">
      <UniqueIdentifier>{CD19111E-74AC-3D0B-B709-B0E2321469D1}</UniqueIdentifier>
    </Filter>
    <Filter Include="Compiler">
      <UniqueIdentifier>{B19BDDA6-096A-3522-AA05-D395EA08A5EF}</UniqueIdentifier>
    </Filter>
    <Filter Include="Logging">
      <UniqueIdentifier>{3AD64782-9D08-3CDF-B96E-D48C19E73089}</UniqueIdentifier>
    </Filter>
    <Filter Include="Common">
      <UniqueIdentifier>{18B79365-8ACA-36F3-8518-C10E1B5D8702}</UniqueIdentifier>
    </Filter>
    <Filter Include="3DS">
      <UniqueIdentifier>{128260A0-D3B0-3630-9011-7EEF74E40934}</UniqueIdentifier>
    </Filter>
    <Filter Include="AC">
      <UniqueIdentifier>{AC451C84-1E5D-3EB8-AFCD-7B7AAEF4535D}</UniqueIdentifier>
    </Filter>
    <Filter Include="ASE">
      <UniqueIdentifier>{ABD7B8BB-D96D-38DE-A19C-DDF1FCD8863D}</UniqueIdentifier>
    </Filter>
    <Filter Include="ASSBIN">
      <UniqueIdentifier>{1971FC1B-2448-301F-B732-C2A385970214}</UniqueIdentifier>
    </Filter>
    <Filter Include="ASSXML">
      <UniqueIdentifier>{D7BA0515-D0F4-3C69-A872-D64ADC1D140F}</UniqueIdentifier>
    </Filter>
    <Filter Include="B3D">
      <UniqueIdentifier>{0D32C053-B9A3-31DB-A6AE-A0FAE9DA823E}</UniqueIdentifier>
    </Filter>
    <Filter Include="BVH">
      <UniqueIdentifier>{8A5A238E-BE90-35EA-8D44-615A0D4777AF}</UniqueIdentifier>
    </Filter>
    <Filter Include="COLLADA">
      <UniqueIdentifier>{676AEBF5-8903-3B78-99F0-D32D04BF2ECA}</UniqueIdentifier>
    </Filter>
    <Filter Include="DXF">
      <UniqueIdentifier>{571897C8-6D6F-36D6-87A7-5637F8F2A855}</UniqueIdentifier>
    </Filter>
    <Filter Include="CSM">
      <UniqueIdentifier>{5D5D00F5-E7EA-327D-886B-28A1EC5FFE72}</UniqueIdentifier>
    </Filter>
    <Filter Include="HMP">
      <UniqueIdentifier>{2CB6B809-B390-33FD-A17C-C330E3D930F7}</UniqueIdentifier>
    </Filter>
    <Filter Include="IRRMESH">
      <UniqueIdentifier>{EB660EB2-43CB-3074-A565-3F31D5FCB4B5}</UniqueIdentifier>
    </Filter>
    <Filter Include="IRR">
      <UniqueIdentifier>{2B51FDA3-9822-31F5-805D-7136E6278268}</UniqueIdentifier>
    </Filter>
    <Filter Include="LWO">
      <UniqueIdentifier>{329D6BE9-80B6-3A0B-B028-5581A5048202}</UniqueIdentifier>
    </Filter>
    <Filter Include="LWS">
      <UniqueIdentifier>{6823EDD9-C15D-3762-A4F3-4CF063B24D5C}</UniqueIdentifier>
    </Filter>
    <Filter Include="MD2">
      <UniqueIdentifier>{5F99F384-8126-3298-8DB6-E9D04F0A16E4}</UniqueIdentifier>
    </Filter>
    <Filter Include="MD3">
      <UniqueIdentifier>{A84146E4-81B2-3620-B615-913D6DEFFAF7}</UniqueIdentifier>
    </Filter>
    <Filter Include="MD5">
      <UniqueIdentifier>{5323FD3E-38A5-385E-9C7C-5FD1336C4A02}</UniqueIdentifier>
    </Filter>
    <Filter Include="MDC">
      <UniqueIdentifier>{E136DD7F-1D95-3380-B9B7-DF15D839B53D}</UniqueIdentifier>
    </Filter>
    <Filter Include="MDL">
      <UniqueIdentifier>{E9F01006-5CAD-3841-A47F-89AD5AE7C5C7}</UniqueIdentifier>
    </Filter>
    <Filter Include="MaterialSystem">
      <UniqueIdentifier>{22151DB4-A00B-384A-8851-A6F7408A9F2C}</UniqueIdentifier>
    </Filter>
    <Filter Include="NFF">
      <UniqueIdentifier>{69DA4F86-63C3-33D8-886C-D7B2111B2CD0}</UniqueIdentifier>
    </Filter>
    <Filter Include="NDO">
      <UniqueIdentifier>{602BEFE0-4F03-3103-9012-FDD543A51C79}</UniqueIdentifier>
    </Filter>
    <Filter Include="OFF">
      <UniqueIdentifier>{8D981D05-4004-3A78-B7CE-D2B98B147151}</UniqueIdentifier>
    </Filter>
    <Filter Include="OBJ">
      <UniqueIdentifier>{71FBBEB1-A2B3-3996-9267-E11F0882965D}</UniqueIdentifier>
    </Filter>
    <Filter Include="OGRE">
      <UniqueIdentifier>{1900BDF7-1EA0-37F2-A445-FCE1D8272141}</UniqueIdentifier>
    </Filter>
    <Filter Include="OPENGEX">
      <UniqueIdentifier>{9638B4EC-D10E-31EC-B2B6-0B5D29EBF455}</UniqueIdentifier>
    </Filter>
    <Filter Include="PLY">
      <UniqueIdentifier>{5ECDE202-176F-306B-A49B-412489E9D0F5}</UniqueIdentifier>
    </Filter>
    <Filter Include="MS3D">
      <UniqueIdentifier>{F7A58635-0480-3BFD-B982-CA6094F8090C}</UniqueIdentifier>
    </Filter>
    <Filter Include="COB">
      <UniqueIdentifier>{00080233-4E22-3B75-B224-026F9363E630}</UniqueIdentifier>
    </Filter>
    <Filter Include="BLEND">
      <UniqueIdentifier>{B29AEB62-0212-32E9-BFA8-6BFFD08829E9}</UniqueIdentifier>
    </Filter>
    <Filter Include="IFC">
      <UniqueIdentifier>{41ED946A-CF3E-399C-BFA1-C6E0BD64E434}</UniqueIdentifier>
    </Filter>
    <Filter Include="XGL">
      <UniqueIdentifier>{57589A60-3CAF-3640-A6E8-9661327CD36C}</UniqueIdentifier>
    </Filter>
    <Filter Include="FBX">
      <UniqueIdentifier>{BF7F130A-7136-3EDA-A3AC-3FA1B94F72F9}</UniqueIdentifier>
    </Filter>
    <Filter Include="PostProcessing">
      <UniqueIdentifier>{86DC497A-31FC-3771-A60A-6AE8DB277472}</UniqueIdentifier>
    </Filter>
    <Filter Include="Q3D">
      <UniqueIdentifier>{C43BDEF2-001A-33BE-BD4B-B7EFB135C56D}</UniqueIdentifier>
    </Filter>
    <Filter Include="Q3BSP">
      <UniqueIdentifier>{287CA115-1B51-35E2-9ED4-7B5E3EEAA8C5}</UniqueIdentifier>
    </Filter>
    <Filter Include="RAW">
      <UniqueIdentifier>{B559B337-A5A4-3A08-96BD-7677A39D5397}</UniqueIdentifier>
    </Filter>
    <Filter Include="SIB">
      <UniqueIdentifier>{53E11C5F-70B4-37EE-B9BD-20A90336C70B}</UniqueIdentifier>
    </Filter>
    <Filter Include="SMD">
      <UniqueIdentifier>{ED3D5215-19F0-3953-A25A-274F760E58F0}</UniqueIdentifier>
    </Filter>
    <Filter Include="STL">
      <UniqueIdentifier>{531D0211-1DA7-3D16-BB1E-12565D23633A}</UniqueIdentifier>
    </Filter>
    <Filter Include="TERRAGEN">
      <UniqueIdentifier>{65C9F807-D346-3410-BA4A-9B96232C5FAC}</UniqueIdentifier>
    </Filter>
    <Filter Include="3D">
      <UniqueIdentifier>{A4177580-8FDE-3802-908E-D79E785DA029}</UniqueIdentifier>
    </Filter>
    <Filter Include="X">
      <UniqueIdentifier>{EC3C0CCC-B294-3D29-BC5A-A79A82AA1787}</UniqueIdentifier>
    </Filter>
    <Filter Include="GLTF">
      <UniqueIdentifier>{067D05C3-2498-3C87-822D-B2FCB7B9DF5A}</UniqueIdentifier>
    </Filter>
    <Filter Include="3MF">
      <UniqueIdentifier>{A78A8E7B-9204-3C15-BB2F-C6750207BCB6}</UniqueIdentifier>
    </Filter>
    <Filter Include="Step">
      <UniqueIdentifier>{11340CC6-E54F-3650-9A63-05DC7CC90CAF}</UniqueIdentifier>
    </Filter>
    <Filter Include="Exporter">
      <UniqueIdentifier>{AD3AFCE9-D1D8-3BC7-82B9-6705EABD5076}</UniqueIdentifier>
    </Filter>
    <Filter Include="IrrXML">
      <UniqueIdentifier>{64449D9A-A8CD-3F25-A79C-94089B5BEE17}</UniqueIdentifier>
    </Filter>
    <Filter Include="ConvertUTF">
      <UniqueIdentifier>{0DCE8B40-ED84-3FF4-BF4B-0A338CED24AE}</UniqueIdentifier>
    </Filter>
    <Filter Include="Clipper">
      <UniqueIdentifier>{355B98E4-2BB1-31C2-B57B-321E183716CA}</UniqueIdentifier>
    </Filter>
    <Filter Include="Poly2Tri">
      <UniqueIdentifier>{E712F2C3-5F4F-3F40-9FFD-B7EEA11FFC17}</UniqueIdentifier>
    </Filter>
    <Filter Include="unzip">
      <UniqueIdentifier>{EF73D1AF-EF2F-3068-8C0B-52AC3C5CF2D7}</UniqueIdentifier>
    </Filter>
    <Filter Include="openddl_parser">
      <UniqueIdentifier>{A4A6A989-3831-323D-AAF0-F1D72E7326CE}</UniqueIdentifier>
    </Filter>
  </ItemGroup>
</Project>
